
Microsoft Visual Studio Solution File, Format Version 12.00
# Visual Studio Version 16
VisualStudioVersion = 16.0.31205.134
MinimumVisualStudioVersion = 15.0.26124.0
Project("{9A19103F-16F7-4668-BE54-9A1E7A4F7556}") = "Pipeline", "Pipeline\Pipeline.csproj", "{BC6B0AF9-F839-4C76-8555-A6968976A29A}"
EndProject
Project("{9A19103F-16F7-4668-BE54-9A1E7A4F7556}") = "ApiEventHandler", "Lambda\ApiEventHandler.csproj", "{C57FC679-466F-42F1-8AA8-904195CAF967}"
EndProject
Project("{9A19103F-16F7-4668-BE54-9A1E7A4F7556}") = "AuthorizerHandler", "AuthorizerHandler\AuthorizerHandler.csproj", "{FBF2741E-E906-42CD-9345-49200559B13D}"
EndProject
Global
	GlobalSection(SolutionConfigurationPlatforms) = preSolution
		Debug|Any CPU = Debug|Any CPU
		Debug|x64 = Debug|x64
		Debug|x86 = Debug|x86
		Release|Any CPU = Release|Any CPU
		Release|x64 = Release|x64
		Release|x86 = Release|x86
	EndGlobalSection
	GlobalSection(ProjectConfigurationPlatforms) = postSolution
		{BC6B0AF9-F839-4C76-8555-A6968976A29A}.Debug|Any CPU.ActiveCfg = Debug|Any CPU
		{BC6B0AF9-F839-4C76-8555-A6968976A29A}.Debug|Any CPU.Build.0 = Debug|Any CPU
		{BC6B0AF9-F839-4C76-8555-A6968976A29A}.Debug|x64.ActiveCfg = Debug|Any CPU
		{BC6B0AF9-F839-4C76-8555-A6968976A29A}.Debug|x64.Build.0 = Debug|Any CPU
		{BC6B0AF9-F839-4C76-8555-A6968976A29A}.Debug|x86.ActiveCfg = Debug|Any CPU
		{BC6B0AF9-F839-4C76-8555-A6968976A29A}.Debug|x86.Build.0 = Debug|Any CPU
		{BC6B0AF9-F839-4C76-8555-A6968976A29A}.Release|Any CPU.ActiveCfg = Release|Any CPU
		{BC6B0AF9-F839-4C76-8555-A6968976A29A}.Release|Any CPU.Build.0 = Release|Any CPU
		{BC6B0AF9-F839-4C76-8555-A6968976A29A}.Release|x64.ActiveCfg = Release|Any CPU
		{BC6B0AF9-F839-4C76-8555-A6968976A29A}.Release|x64.Build.0 = Release|Any CPU
		{BC6B0AF9-F839-4C76-8555-A6968976A29A}.Release|x86.ActiveCfg = Release|Any CPU
		{BC6B0AF9-F839-4C76-8555-A6968976A29A}.Release|x86.Build.0 = Release|Any CPU
		{C57FC679-466F-42F1-8AA8-904195CAF967}.Debug|Any CPU.ActiveCfg = Debug|Any CPU
		{C57FC679-466F-42F1-8AA8-904195CAF967}.Debug|Any CPU.Build.0 = Debug|Any CPU
		{C57FC679-466F-42F1-8AA8-904195CAF967}.Debug|x64.ActiveCfg = Debug|Any CPU
		{C57FC679-466F-42F1-8AA8-904195CAF967}.Debug|x64.Build.0 = Debug|Any CPU
		{C57FC679-466F-42F1-8AA8-904195CAF967}.Debug|x86.ActiveCfg = Debug|Any CPU
		{C57FC679-466F-42F1-8AA8-904195CAF967}.Debug|x86.Build.0 = Debug|Any CPU
		{C57FC679-466F-42F1-8AA8-904195CAF967}.Release|Any CPU.ActiveCfg = Release|Any CPU
		{C57FC679-466F-42F1-8AA8-904195CAF967}.Release|Any CPU.Build.0 = Release|Any CPU
		{C57FC679-466F-42F1-8AA8-904195CAF967}.Release|x64.ActiveCfg = Release|Any CPU
		{C57FC679-466F-42F1-8AA8-904195CAF967}.Release|x64.Build.0 = Release|Any CPU
		{C57FC679-466F-42F1-8AA8-904195CAF967}.Release|x86.ActiveCfg = Release|Any CPU
		{C57FC679-466F-42F1-8AA8-904195CAF967}.Release|x86.Build.0 = Release|Any CPU
		{FBF2741E-E906-42CD-9345-49200559B13D}.Debug|Any CPU.ActiveCfg = Debug|Any CPU
		{FBF2741E-E906-42CD-9345-49200559B13D}.Debug|Any CPU.Build.0 = Debug|Any CPU
		{FBF2741E-E906-42CD-9345-49200559B13D}.Debug|x64.ActiveCfg = Debug|Any CPU
		{FBF2741E-E906-42CD-9345-49200559B13D}.Debug|x64.Build.0 = Debug|Any CPU
		{FBF2741E-E906-42CD-9345-49200559B13D}.Debug|x86.ActiveCfg = Debug|Any CPU
		{FBF2741E-E906-42CD-9345-49200559B13D}.Debug|x86.Build.0 = Debug|Any CPU
		{FBF2741E-E906-42CD-9345-49200559B13D}.Release|Any CPU.ActiveCfg = Release|Any CPU
		{FBF2741E-E906-42CD-9345-49200559B13D}.Release|Any CPU.Build.0 = Release|Any CPU
		{FBF2741E-E906-42CD-9345-49200559B13D}.Release|x64.ActiveCfg = Release|Any CPU
		{FBF2741E-E906-42CD-9345-49200559B13D}.Release|x64.Build.0 = Release|Any CPU
		{FBF2741E-E906-42CD-9345-49200559B13D}.Release|x86.ActiveCfg = Release|Any CPU
		{FBF2741E-E906-42CD-9345-49200559B13D}.Release|x86.Build.0 = Release|Any CPU
	EndGlobalSection
	GlobalSection(SolutionProperties) = preSolution
		HideSolutionNode = FALSE
	EndGlobalSection
	GlobalSection(ExtensibilityGlobals) = postSolution
		SolutionGuid = {F8C8204D-C187-4522-BCD2-A254533CE2DD}
	EndGlobalSection
EndGlobal
